// !$*UTF8*$!
{
	archiveVersion = 1;
	classes = {
	};
	objectVersion = 50;
	objects = {

/* Begin PBXBuildFile section */
		458BA854220EF604001D6254 /* AppDelegate.swift in Sources */ = {isa = PBXBuildFile; fileRef = 458BA853220EF604001D6254 /* AppDelegate.swift */; };
		458BA856220EF604001D6254 /* ViewController.swift in Sources */ = {isa = PBXBuildFile; fileRef = 458BA855220EF604001D6254 /* ViewController.swift */; };
		458BA859220EF604001D6254 /* Main.storyboard in Resources */ = {isa = PBXBuildFile; fileRef = 458BA857220EF604001D6254 /* Main.storyboard */; };
		458BA85B220EF605001D6254 /* Assets.xcassets in Resources */ = {isa = PBXBuildFile; fileRef = 458BA85A220EF605001D6254 /* Assets.xcassets */; };
		458BA85E220EF605001D6254 /* LaunchScreen.storyboard in Resources */ = {isa = PBXBuildFile; fileRef = 458BA85C220EF605001D6254 /* LaunchScreen.storyboard */; };
		458BA866220F1E52001D6254 /* PhotosDataStore.swift in Sources */ = {isa = PBXBuildFile; fileRef = 458BA865220F1E52001D6254 /* PhotosDataStore.swift */; };
/* End PBXBuildFile section */

/* Begin PBXFileReference section */
		458BA850220EF604001D6254 /* CollectionView-Layout-Orientation.app */ = {isa = PBXFileReference; explicitFileType = wrapper.application; includeInIndex = 0; path = "CollectionView-Layout-Orientation.app"; sourceTree = BUILT_PRODUCTS_DIR; };
		458BA853220EF604001D6254 /* AppDelegate.swift */ = {isa = PBXFileReference; lastKnownFileType = sourcecode.swift; path = AppDelegate.swift; sourceTree = "<group>"; };
		458BA855220EF604001D6254 /* ViewController.swift */ = {isa = PBXFileReference; lastKnownFileType = sourcecode.swift; path = ViewController.swift; sourceTree = "<group>"; };
		458BA858220EF604001D6254 /* Base */ = {isa = PBXFileReference; lastKnownFileType = file.storyboard; name = Base; path = Base.lproj/Main.storyboard; sourceTree = "<group>"; };
		458BA85A220EF605001D6254 /* Assets.xcassets */ = {isa = PBXFileReference; lastKnownFileType = folder.assetcatalog; path = Assets.xcassets; sourceTree = "<group>"; };
		458BA85D220EF605001D6254 /* Base */ = {isa = PBXFileReference; lastKnownFileType = file.storyboard; name = Base; path = Base.lproj/LaunchScreen.storyboard; sourceTree = "<group>"; };
		458BA85F220EF605001D6254 /* Info.plist */ = {isa = PBXFileReference; lastKnownFileType = text.plist.xml; path = Info.plist; sourceTree = "<group>"; };
		458BA865220F1E52001D6254 /* PhotosDataStore.swift */ = {isa = PBXFileReference; lastKnownFileType = sourcecode.swift; path = PhotosDataStore.swift; sourceTree = "<group>"; };
/* End PBXFileReference section */

/* Begin PBXFrameworksBuildPhase section */
		458BA84D220EF604001D6254 /* Frameworks */ = {
			isa = PBXFrameworksBuildPhase;
			buildActionMask = 2147483647;
			files = (
			);
			runOnlyForDeploymentPostprocessing = 0;
		};
/* End PBXFrameworksBuildPhase section */

/* Begin PBXGroup section */
		458BA847220EF603001D6254 = {
			isa = PBXGroup;
			children = (
				458BA852220EF604001D6254 /* CollectionView-Layout-Orientation */,
				458BA851220EF604001D6254 /* Products */,
			);
			sourceTree = "<group>";
		};
		458BA851220EF604001D6254 /* Products */ = {
			isa = PBXGroup;
			children = (
				458BA850220EF604001D6254 /* CollectionView-Layout-Orientation.app */,
			);
			name = Products;
			sourceTree = "<group>";
		};
		458BA852220EF604001D6254 /* CollectionView-Layout-Orientation */ = {
			isa = PBXGroup;
			children = (
				458BA853220EF604001D6254 /* AppDelegate.swift */,
				458BA855220EF604001D6254 /* ViewController.swift */,
				458BA857220EF604001D6254 /* Main.storyboard */,
				458BA85A220EF605001D6254 /* Assets.xcassets */,
				458BA85C220EF605001D6254 /* LaunchScreen.storyboard */,
				458BA85F220EF605001D6254 /* Info.plist */,
				458BA865220F1E52001D6254 /* PhotosDataStore.swift */,
			);
			path = "CollectionView-Layout-Orientation";
			sourceTree = "<group>";
		};
/* End PBXGroup section */

/* Begin PBXNativeTarget section */
		458BA84F220EF604001D6254 /* CollectionView-Layout-Orientation */ = {
			isa = PBXNativeTarget;
			buildConfigurationList = 458BA862220EF605001D6254 /* Build configuration list for PBXNativeTarget "CollectionView-Layout-Orientation" */;
			buildPhases = (
				458BA84C220EF604001D6254 /* Sources */,
				458BA84D220EF604001D6254 /* Frameworks */,
				458BA84E220EF604001D6254 /* Resources */,
			);
			buildRules = (
			);
			dependencies = (
			);
			name = "CollectionView-Layout-Orientation";
			productName = "CollectionView-Layout-Orientation";
			productReference = 458BA850220EF604001D6254 /* CollectionView-Layout-Orientation.app */;
			productType = "com.apple.product-type.application";
		};
/* End PBXNativeTarget section */

/* Begin PBXProject section */
		458BA848220EF603001D6254 /* Project object */ = {
			isa = PBXProject;
			attributes = {
				LastSwiftUpdateCheck = 1010;
				LastUpgradeCheck = 1010;
				ORGANIZATIONNAME = kawaharadai;
				TargetAttributes = {
					458BA84F220EF604001D6254 = {
						CreatedOnToolsVersion = 10.1;
					};
				};
			};
			buildConfigurationList = 458BA84B220EF603001D6254 /* Build configuration list for PBXProject "CollectionView-Layout-Orientation" */;
			compatibilityVersion = "Xcode 9.3";
			developmentRegion = en;
			hasScannedForEncodings = 0;
			knownRegions = (
				en,
				Base,
			);
			mainGroup = 458BA847220EF603001D6254;
			productRefGroup = 458BA851220EF604001D6254 /* Products */;
			projectDirPath = "";
			projectRoot = "";
			targets = (
				458BA84F220EF604001D6254 /* CollectionView-Layout-Orientation */,
			);
		};
/* End PBXProject section */

/* Begin PBXResourcesBuildPhase section */
		458BA84E220EF604001D6254 /* Resources */ = {
			isa = PBXResourcesBuildPhase;
			buildActionMask = 2147483647;
			files = (
				458BA85E220EF605001D6254 /* LaunchScreen.storyboard in Resources */,
				458BA85B220EF605001D6254 /* Assets.xcassets in Resources */,
				458BA859220EF604001D6254 /* Main.storyboard in Resources */,
			);
			runOnlyForDeploymentPostprocessing = 0;
		};
/* End PBXResourcesBuildPhase section */

/* Begin PBXSourcesBuildPhase section */
		458BA84C220EF604001D6254 /* Sources */ = {
			isa = PBXSourcesBuildPhase;
			buildActionMask = 2147483647;
			files = (
				458BA866220F1E52001D6254 /* PhotosDataStore.swift in Sources */,
				458BA856220EF604001D6254 /* ViewController.swift in Sources */,
				458BA854220EF604001D6254 /* AppDelegate.swift in Sources */,
			);
			runOnlyForDeploymentPostprocessing = 0;
		};
/* End PBXSourcesBuildPhase section */

/* Begin PBXVariantGroup section */
		458BA857220EF604001D6254 /* Main.storyboard */ = {
			isa = PBXVariantGroup;
			children = (
				458BA858220EF604001D6254 /* Base */,
			);
			name = Main.storyboard;
			sourceTree = "<group>";
		};
		458BA85C220EF605001D6254 /* LaunchScreen.storyboard */ = {
			isa = PBXVariantGroup;
			children = (
				458BA85D220EF605001D6254 /* Base */,
			);
			name = LaunchScreen.storyboard;
			sourceTree = "<group>";
		};
/* End PBXVariantGroup section */

/* Begin XCBuildConfiguration section */
		458BA860220EF605001D6254 /* Debug */ = {
			isa = XCBuildConfiguration;
			buildSettings = {
				ALWAYS_SEARCH_USER_PATHS = NO;
				CLANG_ANALYZER_NONNULL = YES;
				CLANG_ANALYZER_NUMBER_OBJECT_CONVERSION = YES_AGGRESSIVE;
				CLANG_CXX_LANGUAGE_STANDARD = "gnu++14";
				CLANG_CXX_LIBRARY = "libc++";
				CLANG_ENABLE_MODULES = YES;
				CLANG_ENABLE_OBJC_ARC = YES;
				CLANG_ENABLE_OBJC_WEAK = YES;
				CLANG_WARN_BLOCK_CAPTURE_AUTORELEASING = YES;
				CLANG_WARN_BOOL_CONVERSION = YES;
				CLANG_WARN_COMMA = YES;
				CLANG_WARN_CONSTANT_CONVERSION = YES;
				CLANG_WARN_DEPRECATED_OBJC_IMPLEMENTATIONS = YES;
				CLANG_WARN_DIRECT_OBJC_ISA_USAGE = YES_ERROR;
				CLANG_WARN_DOCUMENTATION_COMMENTS = YES;
				CLANG_WARN_EMPTY_BODY = YES;
				CLANG_WARN_ENUM_CONVERSION = YES;
				CLANG_WARN_INFINITE_RECURSION = YES;
				CLANG_WARN_INT_CONVERSION = YES;
				CLANG_WARN_NON_LITERAL_NULL_CONVERSION = YES;
				CLANG_WARN_OBJC_IMPLICIT_RETAIN_SELF = YES;
				CLANG_WARN_OBJC_LITERAL_CONVERSION = YES;
				CLANG_WARN_OBJC_ROOT_CLASS = YES_ERROR;
				CLANG_WARN_RANGE_LOOP_ANALYSIS = YES;
				CLANG_WARN_STRICT_PROTOTYPES = YES;
				CLANG_WARN_SUSPICIOUS_MOVE = YES;
				CLANG_WARN_UNGUARDED_AVAILABILITY = YES_AGGRESSIVE;
				CLANG_WARN_UNREACHABLE_CODE = YES;
				CLANG_WARN__DUPLICATE_METHOD_MATCH = YES;
				CODE_SIGN_IDENTITY = "iPhone Developer";
				COPY_PHASE_STRIP = NO;
				DEBUG_INFORMATION_FORMAT = dwarf;
				ENABLE_STRICT_OBJC_MSGSEND = YES;
				ENABLE_TESTABILITY = YES;
				GCC_C_LANGUAGE_STANDARD = gnu11;
				GCC_DYNAMIC_NO_PIC = NO;
				GCC_NO_COMMON_BLOCKS = YES;
				GCC_OPTIMIZATION_LEVEL = 0;
				GCC_PREPROCESSOR_DEFINITIONS = (
					"DEBUG=1",
					"$(inherited)",
				);
				GCC_WARN_64_TO_32_BIT_CONVERSION = YES;
				GCC_WARN_ABOUT_RETURN_TYPE = YES_ERROR;
				GCC_WARN_UNDECLARED_SELECTOR = YES;
				GCC_WARN_UNINITIALIZED_AUTOS = YES_AGGRESSIVE;
				GCC_WARN_UNUSED_FUNCTION = YES;
				GCC_WARN_UNUSED_VARIABLE = YES;
				IPHONEOS_DEPLOYMENT_TARGET = 12.1;
				MTL_ENABLE_DEBUG_INFO = INCLUDE_SOURCE;
				MTL_FAST_MATH = YES;
				ONLY_ACTIVE_ARCH = YES;
				SDKROOT = iphoneos;
				SWIFT_ACTIVE_COMPILATION_CONDITIONS = DEBUG;
				SWIFT_OPTIMIZATION_LEVEL = "-Onone";
			};
			name = Debug;
		};
		458BA861220EF605001D6254 /* Release */ = {
			isa = XCBuildConfiguration;
			buildSettings = {
				ALWAYS_SEARCH_USER_PATHS = NO;
				CLANG_ANALYZER_NONNULL = YES;
				CLANG_ANALYZER_NUMBER_OBJECT_CONVERSION = YES_AGGRESSIVE;
				CLANG_CXX_LANGUAGE_STANDARD = "gnu++14";
				CLANG_CXX_LIBRARY = "libc++";
				CLANG_ENABLE_MODULES = YES;
				CLANG_ENABLE_OBJC_ARC = YES;
				CLANG_ENABLE_OBJC_WEAK = YES;
				CLANG_WARN_BLOCK_CAPTURE_AUTORELEASING = YES;
				CLANG_WARN_BOOL_CONVERSION = YES;
				CLANG_WARN_COMMA = YES;
				CLANG_WARN_CONSTANT_CONVERSION = YES;
				CLANG_WARN_DEPRECATED_OBJC_IMPLEMENTATIONS = YES;
				CLANG_WARN_DIRECT_OBJC_ISA_USAGE = YES_ERROR;
				CLANG_WARN_DOCUMENTATION_COMMENTS = YES;
				CLANG_WARN_EMPTY_BODY = YES;
				CLANG_WARN_ENUM_CONVERSION = YES;
				CLANG_WARN_INFINITE_RECURSION = YES;
				CLANG_WARN_INT_CONVERSION = YES;
				CLANG_WARN_NON_LITERAL_NULL_CONVERSION = YES;
				CLANG_WARN_OBJC_IMPLICIT_RETAIN_SELF = YES;
				CLANG_WARN_OBJC_LITERAL_CONVERSION = YES;
				CLANG_WARN_OBJC_ROOT_CLASS = YES_ERROR;
				CLANG_WARN_RANGE_LOOP_ANALYSIS = YES;
				CLANG_WARN_STRICT_PROTOTYPES = YES;
				CLANG_WARN_SUSPICIOUS_MOVE = YES;
				CLANG_WARN_UNGUARDED_AVAILABILITY = YES_AGGRESSIVE;
				CLANG_WARN_UNREACHABLE_CODE = YES;
				CLANG_WARN__DUPLICATE_METHOD_MATCH = YES;
				CODE_SIGN_IDENTITY = "iPhone Developer";
				COPY_PHASE_STRIP = NO;
				DEBUG_INFORMATION_FORMAT = "dwarf-with-dsym";
				ENABLE_NS_ASSERTIONS = NO;
				ENABLE_STRICT_OBJC_MSGSEND = YES;
				GCC_C_LANGUAGE_STANDARD = gnu11;
				GCC_NO_COMMON_BLOCKS = YES;
				GCC_WARN_64_TO_32_BIT_CONVERSION = YES;
				GCC_WARN_ABOUT_RETURN_TYPE = YES_ERROR;
				GCC_WARN_UNDECLARED_SELECTOR = YES;
				GCC_WARN_UNINITIALIZED_AUTOS = YES_AGGRESSIVE;
				GCC_WARN_UNUSED_FUNCTION = YES;
				GCC_WARN_UNUSED_VARIABLE = YES;
				IPHONEOS_DEPLOYMENT_TARGET = 12.1;
				MTL_ENABLE_DEBUG_INFO = NO;
				MTL_FAST_MATH = YES;
				SDKROOT = iphoneos;
				SWIFT_COMPILATION_MODE = wholemodule;
				SWIFT_OPTIMIZATION_LEVEL = "-O";
				VALIDATE_PRODUCT = YES;
			};
			name = Release;
		};
		458BA863220EF605001D6254 /* Debug */ = {
			isa = XCBuildConfiguration;
			buildSettings = {
				ASSETCATALOG_COMPILER_APPICON_NAME = AppIcon;
				CODE_SIGN_STYLE = Automatic;
				DEVELOPMENT_TEAM = LVR5UQEHBD;
				INFOPLIST_FILE = "CollectionView-Layout-Orientation/Info.plist";
				LD_RUNPATH_SEARCH_PATHS = (
					"$(inherited)",
					"@executable_path/Frameworks",
				);
				PRODUCT_BUNDLE_IDENTIFIER = "com.kawahara.CollectionView-Layout-Orientation";
				PRODUCT_NAME = "$(TARGET_NAME)";
				SWIFT_VERSION = 4.2;
				TARGETED_DEVICE_FAMILY = "1,2";
			};
			name = Debug;
		};
		458BA864220EF605001D6254 /* Release */ = {
			isa = XCBuildConfiguration;
			buildSettings = {
				ASSETCATALOG_COMPILER_APPICON_NAME = AppIcon;
				CODE_SIGN_STYLE = Automatic;
				DEVELOPMENT_TEAM = LVR5UQEHBD;
				INFOPLIST_FILE = "CollectionView-Layout-Orientation/Info.plist";
				LD_RUNPATH_SEARCH_PATHS = (
					"$(inherited)",
					"@executable_path/Frameworks",
				);
				PRODUCT_BUNDLE_IDENTIFIER = "com.kawahara.CollectionView-Layout-Orientation";
				PRODUCT_NAME = "$(TARGET_NAME)";
				SWIFT_VERSION = 4.2;
				TARGETED_DEVICE_FAMILY = "1,2";
			};
			name = Release;
		};
/* End XCBuildConfiguration section */

/* Begin XCConfigurationList section */
		458BA84B220EF603001D6254 /* Build configuration list for PBXProject "CollectionView-Layout-Orientation" */ = {
			isa = XCConfigurationList;
			buildConfigurations = (
				458BA860220EF605001D6254 /* Debug */,
				458BA861220EF605001D6254 /* Release */,
			);
			defaultConfigurationIsVisible = 0;
			defaultConfigurationName = Release;
		};
		458BA862220EF605001D6254 /* Build configuration list for PBXNativeTarget "CollectionView-Layout-Orientation" */ = {
			isa = XCConfigurationList;
			buildConfigurations = (
				458BA863220EF605001D6254 /* Debug */,
				458BA864220EF605001D6254 /* Release */,
			);
			defaultConfigurationIsVisible = 0;
			defaultConfigurationName = Release;
		};
/* End XCConfigurationList section */
	};
	rootObject = 458BA848220EF603001D6254 /* Project object */;
}
